{
  "version": 4,
  "terraform_version": "1.1.9",
  "serial": 11,
  "lineage": "7cd5e49a-4040-3342-43df-9d8403445e2b",
  "outputs": {
    "dynamodb_table_arn": {
      "value": "arn:aws:dynamodb:us-east-1:724866671659:table/terraform-state",
      "type": "string"
    },
    "dynamodb_table_id": {
      "value": "terraform-state",
      "type": "string"
    },
    "s3_bucket_arn": {
      "value": "arn:aws:s3:::exam-terraform-state",
      "type": "string"
    },
    "s3_bucket_bucket_domain_name": {
      "value": "exam-terraform-state.s3.amazonaws.com",
      "type": "string"
    },
    "s3_bucket_id": {
      "value": "exam-terraform-state",
      "type": "string"
    },
    "s3_bucket_region": {
      "value": "us-east-1",
      "type": "string"
    }
  },
  "resources": [
    {
      "module": "module.backend_dynamodb",
      "mode": "managed",
      "type": "aws_dynamodb_table",
      "name": "dynamodb-terraform-lock",
      "provider": "provider[\"registry.terraform.io/hashicorp/aws\"]",
      "instances": [
        {
          "schema_version": 1,
          "attributes": {
            "arn": "arn:aws:dynamodb:us-east-1:724866671659:table/terraform-state",
            "attribute": [
              {
                "name": "LockID",
                "type": "S"
              }
            ],
            "billing_mode": "PROVISIONED",
            "global_secondary_index": [],
            "hash_key": "LockID",
            "id": "terraform-state",
            "local_secondary_index": [],
            "name": "terraform-state",
            "point_in_time_recovery": [
              {
                "enabled": false
              }
            ],
            "range_key": null,
            "read_capacity": 20,
            "replica": [],
            "restore_date_time": null,
            "restore_source_name": null,
            "restore_to_latest_time": null,
            "server_side_encryption": [],
            "stream_arn": "",
            "stream_enabled": false,
            "stream_label": "",
            "stream_view_type": "",
            "table_class": "",
            "tags": {
              "Account": "Noneprod01",
              "CreateFor": "S3BackendTest",
              "Department": "Bestseller-e",
              "Managed": "Terraform",
              "Team": "Devops"
            },
            "tags_all": {
              "Account": "Noneprod01",
              "CreateFor": "S3BackendTest",
              "Department": "Bestseller-e",
              "Managed": "Terraform",
              "Team": "Devops"
            },
            "timeouts": null,
            "ttl": [
              {
                "attribute_name": "",
                "enabled": false
              }
            ],
            "write_capacity": 20
          },
          "sensitive_attributes": [],
          "private": "eyJlMmJmYjczMC1lY2FhLTExZTYtOGY4OC0zNDM2M2JjN2M0YzAiOnsiY3JlYXRlIjoxODAwMDAwMDAwMDAwLCJkZWxldGUiOjYwMDAwMDAwMDAwMCwidXBkYXRlIjozNjAwMDAwMDAwMDAwfSwic2NoZW1hX3ZlcnNpb24iOiIxIn0="
        }
      ]
    },
    {
      "module": "module.backend_s3",
      "mode": "managed",
      "type": "aws_s3_bucket",
      "name": "s3_tf_state",
      "provider": "provider[\"registry.terraform.io/hashicorp/aws\"]",
      "instances": [
        {
          "schema_version": 0,
          "attributes": {
            "acceleration_status": "",
            "acl": null,
            "arn": "arn:aws:s3:::exam-terraform-state",
            "bucket": "exam-terraform-state",
            "bucket_domain_name": "exam-terraform-state.s3.amazonaws.com",
            "bucket_prefix": null,
            "bucket_regional_domain_name": "exam-terraform-state.s3.amazonaws.com",
            "cors_rule": [],
            "force_destroy": false,
            "grant": [
              {
                "id": "eb07d04a3b54e1d6c1ac18209c8d48c56458a13621a868e5ea05ce840d1f0b7e",
                "permissions": [
                  "FULL_CONTROL"
                ],
                "type": "CanonicalUser",
                "uri": ""
              }
            ],
            "hosted_zone_id": "Z3AQBSTGFYJSTF",
            "id": "exam-terraform-state",
            "lifecycle_rule": [],
            "logging": [],
            "object_lock_configuration": [],
            "object_lock_enabled": false,
            "policy": "",
            "region": "us-east-1",
            "replication_configuration": [],
            "request_payer": "BucketOwner",
            "server_side_encryption_configuration": [
              {
                "rule": [
                  {
                    "apply_server_side_encryption_by_default": [
                      {
                        "kms_master_key_id": "",
                        "sse_algorithm": "AES256"
                      }
                    ],
                    "bucket_key_enabled": false
                  }
                ]
              }
            ],
            "tags": {
              "Account": "Noneprod01",
              "CreateFor": "S3BackendTest",
              "Department": "Bestseller-e",
              "Managed": "Terraform",
              "Team": "Devops"
            },
            "tags_all": {
              "Account": "Noneprod01",
              "CreateFor": "S3BackendTest",
              "Department": "Bestseller-e",
              "Managed": "Terraform",
              "Team": "Devops"
            },
            "versioning": [
              {
                "enabled": true,
                "mfa_delete": false
              }
            ],
            "website": [],
            "website_domain": null,
            "website_endpoint": null
          },
          "sensitive_attributes": [],
          "private": "bnVsbA=="
        }
      ]
    },
    {
      "module": "module.backend_s3",
      "mode": "managed",
      "type": "aws_s3_bucket_acl",
      "name": "s3_acls",
      "provider": "provider[\"registry.terraform.io/hashicorp/aws\"]",
      "instances": [
        {
          "schema_version": 0,
          "attributes": {
            "access_control_policy": [
              {
                "grant": [
                  {
                    "grantee": [
                      {
                        "display_name": "slfreelancer94",
                        "email_address": "",
                        "id": "eb07d04a3b54e1d6c1ac18209c8d48c56458a13621a868e5ea05ce840d1f0b7e",
                        "type": "CanonicalUser",
                        "uri": ""
                      }
                    ],
                    "permission": "FULL_CONTROL"
                  }
                ],
                "owner": [
                  {
                    "display_name": "slfreelancer94",
                    "id": "eb07d04a3b54e1d6c1ac18209c8d48c56458a13621a868e5ea05ce840d1f0b7e"
                  }
                ]
              }
            ],
            "acl": "private",
            "bucket": "exam-terraform-state",
            "expected_bucket_owner": "",
            "id": "exam-terraform-state,private"
          },
          "sensitive_attributes": [],
          "private": "bnVsbA=="
        }
      ]
    },
    {
      "module": "module.backend_s3",
      "mode": "managed",
      "type": "aws_s3_bucket_server_side_encryption_configuration",
      "name": "s3_encript",
      "provider": "provider[\"registry.terraform.io/hashicorp/aws\"]",
      "instances": [
        {
          "schema_version": 0,
          "attributes": {
            "bucket": "exam-terraform-state",
            "expected_bucket_owner": "",
            "id": "exam-terraform-state",
            "rule": [
              {
                "apply_server_side_encryption_by_default": [
                  {
                    "kms_master_key_id": "",
                    "sse_algorithm": "AES256"
                  }
                ],
                "bucket_key_enabled": false
              }
            ]
          },
          "sensitive_attributes": [],
          "private": "bnVsbA=="
        }
      ]
    },
    {
      "module": "module.backend_s3",
      "mode": "managed",
      "type": "aws_s3_bucket_versioning",
      "name": "s3_versioning",
      "provider": "provider[\"registry.terraform.io/hashicorp/aws\"]",
      "instances": [
        {
          "schema_version": 0,
          "attributes": {
            "bucket": "exam-terraform-state",
            "expected_bucket_owner": "",
            "id": "exam-terraform-state",
            "mfa": null,
            "versioning_configuration": [
              {
                "mfa_delete": "",
                "status": "Enabled"
              }
            ]
          },
          "sensitive_attributes": [],
          "private": "bnVsbA=="
        }
      ]
    }
  ]
}
